
Microsoft Visual Studio Solution File, Format Version 12.00
# Visual Studio Version 16
VisualStudioVersion = 16.0.29102.190
MinimumVisualStudioVersion = 10.0.40219.1
Project("{2150E333-8FDC-42A3-9474-1A3956D46DE8}") = "APIs", "APIs", "{24A87333-1998-4422-B9F9-EDAF91E9B454}"
EndProject
Project("{2150E333-8FDC-42A3-9474-1A3956D46DE8}") = "Libraries", "Libraries", "{37A3351D-C18A-4135-9B4E-F3380E3060E8}"
EndProject
Project("{FAE04EC0-301F-11D3-BF4B-00C04F79EFBC}") = "EVE.Commons", "..\Components\EVE.Common\EVE.Commons.csproj", "{3B38F3F7-1C80-4009-8D68-7D9E4D3520DC}"
EndProject
Project("{FAE04EC0-301F-11D3-BF4B-00C04F79EFBC}") = "EVE.Data", "..\Components\EVE.Data\EVE.Data.csproj", "{6F4B542A-F584-43D9-A9B3-A703BAB14D24}"
EndProject
Project("{FAE04EC0-301F-11D3-BF4B-00C04F79EFBC}") = "EVE.WebApi", "..\Components\EVE.WebApi\EVE.WebApi.csproj", "{DB6472C7-5ABF-491A-BED1-215A5F6E9115}"
EndProject
Project("{FAE04EC0-301F-11D3-BF4B-00C04F79EFBC}") = "EVE.WebApi.Shared", "..\Components\EVE.WebApi.Shared\EVE.WebApi.Shared.csproj", "{BA7A75ED-1606-4F70-99B0-641D5A322BDA}"
EndProject
Project("{FAE04EC0-301F-11D3-BF4B-00C04F79EFBC}") = "EVE.WebApi.Catalog", "..\Components\EVE.WebApi.Catalog\EVE.WebApi.Catalog.csproj", "{E6F43455-7760-4D84-996A-8C1076386100}"
EndProject
Project("{9A19103F-16F7-4668-BE54-9A1E7A4F7556}") = "EVE.ApiGateway", "..\Components\EVE.ApiGateway\EVE.ApiGateway.csproj", "{FE90D189-F2F7-4571-84E0-56CD9C3E8A43}"
EndProject
Project("{FAE04EC0-301F-11D3-BF4B-00C04F79EFBC}") = "EVE.TransportLayer", "..\Components\EVE.TransportLayer\EVE.TransportLayer.csproj", "{2BFBD7FF-AF53-454D-9DDF-68B26611685A}"
EndProject
Project("{2150E333-8FDC-42A3-9474-1A3956D46DE8}") = "Logs", "Logs", "{533C5807-9FED-4971-B8E5-21DA93580D57}"
EndProject
Project("{FAE04EC0-301F-11D3-BF4B-00C04F79EFBC}") = "EVE.LogManagement", "..\Components\Logs\EVE.LogManagement\EVE.LogManagement.csproj", "{FBE58724-703F-4927-AF0B-F34441188FD5}"
EndProject
Project("{FAE04EC0-301F-11D3-BF4B-00C04F79EFBC}") = "TimeUUID", "..\Components\Logs\TimeUUID\TimeUUID.csproj", "{D3433835-CA3E-41DF-8E49-5855FF682898}"
EndProject
Project("{FAE04EC0-301F-11D3-BF4B-00C04F79EFBC}") = "EVE.ApiModels", "..\Components\EVE.ApiModels\EVE.ApiModels.csproj", "{5C9C5935-E0CE-4E3B-B30E-B7D27D49A768}"
EndProject
Project("{2150E333-8FDC-42A3-9474-1A3956D46DE8}") = "Bussiness", "Bussiness", "{C2C86B40-52F3-42A5-9B67-5F8ED97497A5}"
EndProject
Project("{FAE04EC0-301F-11D3-BF4B-00C04F79EFBC}") = "EVE.Bussiness", "..\Components\EVE.Bussiness\EVE.Bussiness.csproj", "{3A2A6E63-7FA5-4D1A-B8EC-E29665B010F3}"
EndProject
Global
	GlobalSection(SolutionConfigurationPlatforms) = preSolution
		Debug.Expert|Any CPU = Debug.Expert|Any CPU
		Debug.Expert|x86 = Debug.Expert|x86
		Debug.HICT|Any CPU = Debug.HICT|Any CPU
		Debug.HICT|x86 = Debug.HICT|x86
		Debug.TCHP|Any CPU = Debug.TCHP|Any CPU
		Debug.TCHP|x86 = Debug.TCHP|x86
		Debug|Any CPU = Debug|Any CPU
		Debug|x86 = Debug|x86
		Release.Advance|Any CPU = Release.Advance|Any CPU
		Release.Advance|x86 = Release.Advance|x86
		Release.Expert|Any CPU = Release.Expert|Any CPU
		Release.Expert|x86 = Release.Expert|x86
		Release|Any CPU = Release|Any CPU
		Release|x86 = Release|x86
		ReleaseProd|Any CPU = ReleaseProd|Any CPU
		ReleaseProd|x86 = ReleaseProd|x86
		ReleaseQA|Any CPU = ReleaseQA|Any CPU
		ReleaseQA|x86 = ReleaseQA|x86
	EndGlobalSection
	GlobalSection(ProjectConfigurationPlatforms) = postSolution
		{3B38F3F7-1C80-4009-8D68-7D9E4D3520DC}.Debug.Expert|Any CPU.ActiveCfg = Debug|Any CPU
		{3B38F3F7-1C80-4009-8D68-7D9E4D3520DC}.Debug.Expert|Any CPU.Build.0 = Debug|Any CPU
		{3B38F3F7-1C80-4009-8D68-7D9E4D3520DC}.Debug.Expert|x86.ActiveCfg = Debug|Any CPU
		{3B38F3F7-1C80-4009-8D68-7D9E4D3520DC}.Debug.Expert|x86.Build.0 = Debug|Any CPU
		{3B38F3F7-1C80-4009-8D68-7D9E4D3520DC}.Debug.HICT|Any CPU.ActiveCfg = Debug|Any CPU
		{3B38F3F7-1C80-4009-8D68-7D9E4D3520DC}.Debug.HICT|Any CPU.Build.0 = Debug|Any CPU
		{3B38F3F7-1C80-4009-8D68-7D9E4D3520DC}.Debug.HICT|x86.ActiveCfg = Debug|Any CPU
		{3B38F3F7-1C80-4009-8D68-7D9E4D3520DC}.Debug.HICT|x86.Build.0 = Debug|Any CPU
		{3B38F3F7-1C80-4009-8D68-7D9E4D3520DC}.Debug.TCHP|Any CPU.ActiveCfg = Debug|Any CPU
		{3B38F3F7-1C80-4009-8D68-7D9E4D3520DC}.Debug.TCHP|Any CPU.Build.0 = Debug|Any CPU
		{3B38F3F7-1C80-4009-8D68-7D9E4D3520DC}.Debug.TCHP|x86.ActiveCfg = Debug|Any CPU
		{3B38F3F7-1C80-4009-8D68-7D9E4D3520DC}.Debug.TCHP|x86.Build.0 = Debug|Any CPU
		{3B38F3F7-1C80-4009-8D68-7D9E4D3520DC}.Debug|Any CPU.ActiveCfg = Debug|Any CPU
		{3B38F3F7-1C80-4009-8D68-7D9E4D3520DC}.Debug|Any CPU.Build.0 = Debug|Any CPU
		{3B38F3F7-1C80-4009-8D68-7D9E4D3520DC}.Debug|x86.ActiveCfg = Debug|Any CPU
		{3B38F3F7-1C80-4009-8D68-7D9E4D3520DC}.Debug|x86.Build.0 = Debug|Any CPU
		{3B38F3F7-1C80-4009-8D68-7D9E4D3520DC}.Release.Advance|Any CPU.ActiveCfg = Release|Any CPU
		{3B38F3F7-1C80-4009-8D68-7D9E4D3520DC}.Release.Advance|Any CPU.Build.0 = Release|Any CPU
		{3B38F3F7-1C80-4009-8D68-7D9E4D3520DC}.Release.Advance|x86.ActiveCfg = Release|Any CPU
		{3B38F3F7-1C80-4009-8D68-7D9E4D3520DC}.Release.Advance|x86.Build.0 = Release|Any CPU
		{3B38F3F7-1C80-4009-8D68-7D9E4D3520DC}.Release.Expert|Any CPU.ActiveCfg = Release|Any CPU
		{3B38F3F7-1C80-4009-8D68-7D9E4D3520DC}.Release.Expert|Any CPU.Build.0 = Release|Any CPU
		{3B38F3F7-1C80-4009-8D68-7D9E4D3520DC}.Release.Expert|x86.ActiveCfg = Release|Any CPU
		{3B38F3F7-1C80-4009-8D68-7D9E4D3520DC}.Release.Expert|x86.Build.0 = Release|Any CPU
		{3B38F3F7-1C80-4009-8D68-7D9E4D3520DC}.Release|Any CPU.ActiveCfg = Release|Any CPU
		{3B38F3F7-1C80-4009-8D68-7D9E4D3520DC}.Release|Any CPU.Build.0 = Release|Any CPU
		{3B38F3F7-1C80-4009-8D68-7D9E4D3520DC}.Release|x86.ActiveCfg = Release|Any CPU
		{3B38F3F7-1C80-4009-8D68-7D9E4D3520DC}.Release|x86.Build.0 = Release|Any CPU
		{3B38F3F7-1C80-4009-8D68-7D9E4D3520DC}.ReleaseProd|Any CPU.ActiveCfg = Release|Any CPU
		{3B38F3F7-1C80-4009-8D68-7D9E4D3520DC}.ReleaseProd|Any CPU.Build.0 = Release|Any CPU
		{3B38F3F7-1C80-4009-8D68-7D9E4D3520DC}.ReleaseProd|x86.ActiveCfg = Release|Any CPU
		{3B38F3F7-1C80-4009-8D68-7D9E4D3520DC}.ReleaseProd|x86.Build.0 = Release|Any CPU
		{3B38F3F7-1C80-4009-8D68-7D9E4D3520DC}.ReleaseQA|Any CPU.ActiveCfg = Release|Any CPU
		{3B38F3F7-1C80-4009-8D68-7D9E4D3520DC}.ReleaseQA|Any CPU.Build.0 = Release|Any CPU
		{3B38F3F7-1C80-4009-8D68-7D9E4D3520DC}.ReleaseQA|x86.ActiveCfg = Release|Any CPU
		{3B38F3F7-1C80-4009-8D68-7D9E4D3520DC}.ReleaseQA|x86.Build.0 = Release|Any CPU
		{6F4B542A-F584-43D9-A9B3-A703BAB14D24}.Debug.Expert|Any CPU.ActiveCfg = Debug|Any CPU
		{6F4B542A-F584-43D9-A9B3-A703BAB14D24}.Debug.Expert|Any CPU.Build.0 = Debug|Any CPU
		{6F4B542A-F584-43D9-A9B3-A703BAB14D24}.Debug.Expert|x86.ActiveCfg = Debug|Any CPU
		{6F4B542A-F584-43D9-A9B3-A703BAB14D24}.Debug.Expert|x86.Build.0 = Debug|Any CPU
		{6F4B542A-F584-43D9-A9B3-A703BAB14D24}.Debug.HICT|Any CPU.ActiveCfg = Debug|Any CPU
		{6F4B542A-F584-43D9-A9B3-A703BAB14D24}.Debug.HICT|Any CPU.Build.0 = Debug|Any CPU
		{6F4B542A-F584-43D9-A9B3-A703BAB14D24}.Debug.HICT|x86.ActiveCfg = Debug|Any CPU
		{6F4B542A-F584-43D9-A9B3-A703BAB14D24}.Debug.HICT|x86.Build.0 = Debug|Any CPU
		{6F4B542A-F584-43D9-A9B3-A703BAB14D24}.Debug.TCHP|Any CPU.ActiveCfg = Debug|Any CPU
		{6F4B542A-F584-43D9-A9B3-A703BAB14D24}.Debug.TCHP|Any CPU.Build.0 = Debug|Any CPU
		{6F4B542A-F584-43D9-A9B3-A703BAB14D24}.Debug.TCHP|x86.ActiveCfg = Debug|Any CPU
		{6F4B542A-F584-43D9-A9B3-A703BAB14D24}.Debug.TCHP|x86.Build.0 = Debug|Any CPU
		{6F4B542A-F584-43D9-A9B3-A703BAB14D24}.Debug|Any CPU.ActiveCfg = Debug|Any CPU
		{6F4B542A-F584-43D9-A9B3-A703BAB14D24}.Debug|Any CPU.Build.0 = Debug|Any CPU
		{6F4B542A-F584-43D9-A9B3-A703BAB14D24}.Debug|x86.ActiveCfg = Debug|Any CPU
		{6F4B542A-F584-43D9-A9B3-A703BAB14D24}.Debug|x86.Build.0 = Debug|Any CPU
		{6F4B542A-F584-43D9-A9B3-A703BAB14D24}.Release.Advance|Any CPU.ActiveCfg = Release|Any CPU
		{6F4B542A-F584-43D9-A9B3-A703BAB14D24}.Release.Advance|Any CPU.Build.0 = Release|Any CPU
		{6F4B542A-F584-43D9-A9B3-A703BAB14D24}.Release.Advance|x86.ActiveCfg = Release|Any CPU
		{6F4B542A-F584-43D9-A9B3-A703BAB14D24}.Release.Advance|x86.Build.0 = Release|Any CPU
		{6F4B542A-F584-43D9-A9B3-A703BAB14D24}.Release.Expert|Any CPU.ActiveCfg = Release|Any CPU
		{6F4B542A-F584-43D9-A9B3-A703BAB14D24}.Release.Expert|Any CPU.Build.0 = Release|Any CPU
		{6F4B542A-F584-43D9-A9B3-A703BAB14D24}.Release.Expert|x86.ActiveCfg = Release|Any CPU
		{6F4B542A-F584-43D9-A9B3-A703BAB14D24}.Release.Expert|x86.Build.0 = Release|Any CPU
		{6F4B542A-F584-43D9-A9B3-A703BAB14D24}.Release|Any CPU.ActiveCfg = Release|Any CPU
		{6F4B542A-F584-43D9-A9B3-A703BAB14D24}.Release|Any CPU.Build.0 = Release|Any CPU
		{6F4B542A-F584-43D9-A9B3-A703BAB14D24}.Release|x86.ActiveCfg = Release|Any CPU
		{6F4B542A-F584-43D9-A9B3-A703BAB14D24}.Release|x86.Build.0 = Release|Any CPU
		{6F4B542A-F584-43D9-A9B3-A703BAB14D24}.ReleaseProd|Any CPU.ActiveCfg = Release|Any CPU
		{6F4B542A-F584-43D9-A9B3-A703BAB14D24}.ReleaseProd|Any CPU.Build.0 = Release|Any CPU
		{6F4B542A-F584-43D9-A9B3-A703BAB14D24}.ReleaseProd|x86.ActiveCfg = Release|Any CPU
		{6F4B542A-F584-43D9-A9B3-A703BAB14D24}.ReleaseProd|x86.Build.0 = Release|Any CPU
		{6F4B542A-F584-43D9-A9B3-A703BAB14D24}.ReleaseQA|Any CPU.ActiveCfg = Release|Any CPU
		{6F4B542A-F584-43D9-A9B3-A703BAB14D24}.ReleaseQA|Any CPU.Build.0 = Release|Any CPU
		{6F4B542A-F584-43D9-A9B3-A703BAB14D24}.ReleaseQA|x86.ActiveCfg = Release|Any CPU
		{6F4B542A-F584-43D9-A9B3-A703BAB14D24}.ReleaseQA|x86.Build.0 = Release|Any CPU
		{DB6472C7-5ABF-491A-BED1-215A5F6E9115}.Debug.Expert|Any CPU.ActiveCfg = Debug|Any CPU
		{DB6472C7-5ABF-491A-BED1-215A5F6E9115}.Debug.Expert|Any CPU.Build.0 = Debug|Any CPU
		{DB6472C7-5ABF-491A-BED1-215A5F6E9115}.Debug.Expert|x86.ActiveCfg = Debug|Any CPU
		{DB6472C7-5ABF-491A-BED1-215A5F6E9115}.Debug.Expert|x86.Build.0 = Debug|Any CPU
		{DB6472C7-5ABF-491A-BED1-215A5F6E9115}.Debug.HICT|Any CPU.ActiveCfg = Debug|Any CPU
		{DB6472C7-5ABF-491A-BED1-215A5F6E9115}.Debug.HICT|Any CPU.Build.0 = Debug|Any CPU
		{DB6472C7-5ABF-491A-BED1-215A5F6E9115}.Debug.HICT|x86.ActiveCfg = Debug|Any CPU
		{DB6472C7-5ABF-491A-BED1-215A5F6E9115}.Debug.HICT|x86.Build.0 = Debug|Any CPU
		{DB6472C7-5ABF-491A-BED1-215A5F6E9115}.Debug.TCHP|Any CPU.ActiveCfg = Debug|Any CPU
		{DB6472C7-5ABF-491A-BED1-215A5F6E9115}.Debug.TCHP|Any CPU.Build.0 = Debug|Any CPU
		{DB6472C7-5ABF-491A-BED1-215A5F6E9115}.Debug.TCHP|x86.ActiveCfg = Debug|Any CPU
		{DB6472C7-5ABF-491A-BED1-215A5F6E9115}.Debug.TCHP|x86.Build.0 = Debug|Any CPU
		{DB6472C7-5ABF-491A-BED1-215A5F6E9115}.Debug|Any CPU.ActiveCfg = Debug|Any CPU
		{DB6472C7-5ABF-491A-BED1-215A5F6E9115}.Debug|Any CPU.Build.0 = Debug|Any CPU
		{DB6472C7-5ABF-491A-BED1-215A5F6E9115}.Debug|x86.ActiveCfg = Debug|Any CPU
		{DB6472C7-5ABF-491A-BED1-215A5F6E9115}.Debug|x86.Build.0 = Debug|Any CPU
		{DB6472C7-5ABF-491A-BED1-215A5F6E9115}.Release.Advance|Any CPU.ActiveCfg = Release|Any CPU
		{DB6472C7-5ABF-491A-BED1-215A5F6E9115}.Release.Advance|Any CPU.Build.0 = Release|Any CPU
		{DB6472C7-5ABF-491A-BED1-215A5F6E9115}.Release.Advance|x86.ActiveCfg = Release|Any CPU
		{DB6472C7-5ABF-491A-BED1-215A5F6E9115}.Release.Advance|x86.Build.0 = Release|Any CPU
		{DB6472C7-5ABF-491A-BED1-215A5F6E9115}.Release.Expert|Any CPU.ActiveCfg = Release|Any CPU
		{DB6472C7-5ABF-491A-BED1-215A5F6E9115}.Release.Expert|Any CPU.Build.0 = Release|Any CPU
		{DB6472C7-5ABF-491A-BED1-215A5F6E9115}.Release.Expert|x86.ActiveCfg = Release|Any CPU
		{DB6472C7-5ABF-491A-BED1-215A5F6E9115}.Release.Expert|x86.Build.0 = Release|Any CPU
		{DB6472C7-5ABF-491A-BED1-215A5F6E9115}.Release|Any CPU.ActiveCfg = Release|Any CPU
		{DB6472C7-5ABF-491A-BED1-215A5F6E9115}.Release|Any CPU.Build.0 = Release|Any CPU
		{DB6472C7-5ABF-491A-BED1-215A5F6E9115}.Release|x86.ActiveCfg = Release|Any CPU
		{DB6472C7-5ABF-491A-BED1-215A5F6E9115}.Release|x86.Build.0 = Release|Any CPU
		{DB6472C7-5ABF-491A-BED1-215A5F6E9115}.ReleaseProd|Any CPU.ActiveCfg = Release|Any CPU
		{DB6472C7-5ABF-491A-BED1-215A5F6E9115}.ReleaseProd|Any CPU.Build.0 = Release|Any CPU
		{DB6472C7-5ABF-491A-BED1-215A5F6E9115}.ReleaseProd|x86.ActiveCfg = Release|Any CPU
		{DB6472C7-5ABF-491A-BED1-215A5F6E9115}.ReleaseProd|x86.Build.0 = Release|Any CPU
		{DB6472C7-5ABF-491A-BED1-215A5F6E9115}.ReleaseQA|Any CPU.ActiveCfg = Release|Any CPU
		{DB6472C7-5ABF-491A-BED1-215A5F6E9115}.ReleaseQA|Any CPU.Build.0 = Release|Any CPU
		{DB6472C7-5ABF-491A-BED1-215A5F6E9115}.ReleaseQA|x86.ActiveCfg = Release|Any CPU
		{DB6472C7-5ABF-491A-BED1-215A5F6E9115}.ReleaseQA|x86.Build.0 = Release|Any CPU
		{BA7A75ED-1606-4F70-99B0-641D5A322BDA}.Debug.Expert|Any CPU.ActiveCfg = Debug|Any CPU
		{BA7A75ED-1606-4F70-99B0-641D5A322BDA}.Debug.Expert|Any CPU.Build.0 = Debug|Any CPU
		{BA7A75ED-1606-4F70-99B0-641D5A322BDA}.Debug.Expert|x86.ActiveCfg = Debug|Any CPU
		{BA7A75ED-1606-4F70-99B0-641D5A322BDA}.Debug.Expert|x86.Build.0 = Debug|Any CPU
		{BA7A75ED-1606-4F70-99B0-641D5A322BDA}.Debug.HICT|Any CPU.ActiveCfg = Debug|Any CPU
		{BA7A75ED-1606-4F70-99B0-641D5A322BDA}.Debug.HICT|Any CPU.Build.0 = Debug|Any CPU
		{BA7A75ED-1606-4F70-99B0-641D5A322BDA}.Debug.HICT|x86.ActiveCfg = Debug|Any CPU
		{BA7A75ED-1606-4F70-99B0-641D5A322BDA}.Debug.HICT|x86.Build.0 = Debug|Any CPU
		{BA7A75ED-1606-4F70-99B0-641D5A322BDA}.Debug.TCHP|Any CPU.ActiveCfg = Debug|Any CPU
		{BA7A75ED-1606-4F70-99B0-641D5A322BDA}.Debug.TCHP|Any CPU.Build.0 = Debug|Any CPU
		{BA7A75ED-1606-4F70-99B0-641D5A322BDA}.Debug.TCHP|x86.ActiveCfg = Debug|Any CPU
		{BA7A75ED-1606-4F70-99B0-641D5A322BDA}.Debug.TCHP|x86.Build.0 = Debug|Any CPU
		{BA7A75ED-1606-4F70-99B0-641D5A322BDA}.Debug|Any CPU.ActiveCfg = Debug|Any CPU
		{BA7A75ED-1606-4F70-99B0-641D5A322BDA}.Debug|Any CPU.Build.0 = Debug|Any CPU
		{BA7A75ED-1606-4F70-99B0-641D5A322BDA}.Debug|x86.ActiveCfg = Debug|Any CPU
		{BA7A75ED-1606-4F70-99B0-641D5A322BDA}.Debug|x86.Build.0 = Debug|Any CPU
		{BA7A75ED-1606-4F70-99B0-641D5A322BDA}.Release.Advance|Any CPU.ActiveCfg = Release|Any CPU
		{BA7A75ED-1606-4F70-99B0-641D5A322BDA}.Release.Advance|Any CPU.Build.0 = Release|Any CPU
		{BA7A75ED-1606-4F70-99B0-641D5A322BDA}.Release.Advance|x86.ActiveCfg = Release|Any CPU
		{BA7A75ED-1606-4F70-99B0-641D5A322BDA}.Release.Advance|x86.Build.0 = Release|Any CPU
		{BA7A75ED-1606-4F70-99B0-641D5A322BDA}.Release.Expert|Any CPU.ActiveCfg = Release|Any CPU
		{BA7A75ED-1606-4F70-99B0-641D5A322BDA}.Release.Expert|Any CPU.Build.0 = Release|Any CPU
		{BA7A75ED-1606-4F70-99B0-641D5A322BDA}.Release.Expert|x86.ActiveCfg = Release|Any CPU
		{BA7A75ED-1606-4F70-99B0-641D5A322BDA}.Release.Expert|x86.Build.0 = Release|Any CPU
		{BA7A75ED-1606-4F70-99B0-641D5A322BDA}.Release|Any CPU.ActiveCfg = Release|Any CPU
		{BA7A75ED-1606-4F70-99B0-641D5A322BDA}.Release|Any CPU.Build.0 = Release|Any CPU
		{BA7A75ED-1606-4F70-99B0-641D5A322BDA}.Release|x86.ActiveCfg = Release|Any CPU
		{BA7A75ED-1606-4F70-99B0-641D5A322BDA}.Release|x86.Build.0 = Release|Any CPU
		{BA7A75ED-1606-4F70-99B0-641D5A322BDA}.ReleaseProd|Any CPU.ActiveCfg = Release|Any CPU
		{BA7A75ED-1606-4F70-99B0-641D5A322BDA}.ReleaseProd|Any CPU.Build.0 = Release|Any CPU
		{BA7A75ED-1606-4F70-99B0-641D5A322BDA}.ReleaseProd|x86.ActiveCfg = Release|Any CPU
		{BA7A75ED-1606-4F70-99B0-641D5A322BDA}.ReleaseProd|x86.Build.0 = Release|Any CPU
		{BA7A75ED-1606-4F70-99B0-641D5A322BDA}.ReleaseQA|Any CPU.ActiveCfg = Release|Any CPU
		{BA7A75ED-1606-4F70-99B0-641D5A322BDA}.ReleaseQA|Any CPU.Build.0 = Release|Any CPU
		{BA7A75ED-1606-4F70-99B0-641D5A322BDA}.ReleaseQA|x86.ActiveCfg = Release|Any CPU
		{BA7A75ED-1606-4F70-99B0-641D5A322BDA}.ReleaseQA|x86.Build.0 = Release|Any CPU
		{E6F43455-7760-4D84-996A-8C1076386100}.Debug.Expert|Any CPU.ActiveCfg = Debug|Any CPU
		{E6F43455-7760-4D84-996A-8C1076386100}.Debug.Expert|Any CPU.Build.0 = Debug|Any CPU
		{E6F43455-7760-4D84-996A-8C1076386100}.Debug.Expert|x86.ActiveCfg = Debug|Any CPU
		{E6F43455-7760-4D84-996A-8C1076386100}.Debug.Expert|x86.Build.0 = Debug|Any CPU
		{E6F43455-7760-4D84-996A-8C1076386100}.Debug.HICT|Any CPU.ActiveCfg = Debug|Any CPU
		{E6F43455-7760-4D84-996A-8C1076386100}.Debug.HICT|Any CPU.Build.0 = Debug|Any CPU
		{E6F43455-7760-4D84-996A-8C1076386100}.Debug.HICT|x86.ActiveCfg = Debug|Any CPU
		{E6F43455-7760-4D84-996A-8C1076386100}.Debug.HICT|x86.Build.0 = Debug|Any CPU
		{E6F43455-7760-4D84-996A-8C1076386100}.Debug.TCHP|Any CPU.ActiveCfg = Debug|Any CPU
		{E6F43455-7760-4D84-996A-8C1076386100}.Debug.TCHP|Any CPU.Build.0 = Debug|Any CPU
		{E6F43455-7760-4D84-996A-8C1076386100}.Debug.TCHP|x86.ActiveCfg = Debug|Any CPU
		{E6F43455-7760-4D84-996A-8C1076386100}.Debug.TCHP|x86.Build.0 = Debug|Any CPU
		{E6F43455-7760-4D84-996A-8C1076386100}.Debug|Any CPU.ActiveCfg = Debug|Any CPU
		{E6F43455-7760-4D84-996A-8C1076386100}.Debug|Any CPU.Build.0 = Debug|Any CPU
		{E6F43455-7760-4D84-996A-8C1076386100}.Debug|x86.ActiveCfg = Debug|Any CPU
		{E6F43455-7760-4D84-996A-8C1076386100}.Debug|x86.Build.0 = Debug|Any CPU
		{E6F43455-7760-4D84-996A-8C1076386100}.Release.Advance|Any CPU.ActiveCfg = Release|Any CPU
		{E6F43455-7760-4D84-996A-8C1076386100}.Release.Advance|Any CPU.Build.0 = Release|Any CPU
		{E6F43455-7760-4D84-996A-8C1076386100}.Release.Advance|x86.ActiveCfg = Release|Any CPU
		{E6F43455-7760-4D84-996A-8C1076386100}.Release.Advance|x86.Build.0 = Release|Any CPU
		{E6F43455-7760-4D84-996A-8C1076386100}.Release.Expert|Any CPU.ActiveCfg = Release|Any CPU
		{E6F43455-7760-4D84-996A-8C1076386100}.Release.Expert|Any CPU.Build.0 = Release|Any CPU
		{E6F43455-7760-4D84-996A-8C1076386100}.Release.Expert|x86.ActiveCfg = Release|Any CPU
		{E6F43455-7760-4D84-996A-8C1076386100}.Release.Expert|x86.Build.0 = Release|Any CPU
		{E6F43455-7760-4D84-996A-8C1076386100}.Release|Any CPU.ActiveCfg = Release|Any CPU
		{E6F43455-7760-4D84-996A-8C1076386100}.Release|Any CPU.Build.0 = Release|Any CPU
		{E6F43455-7760-4D84-996A-8C1076386100}.Release|x86.ActiveCfg = Release|Any CPU
		{E6F43455-7760-4D84-996A-8C1076386100}.Release|x86.Build.0 = Release|Any CPU
		{E6F43455-7760-4D84-996A-8C1076386100}.ReleaseProd|Any CPU.ActiveCfg = Release|Any CPU
		{E6F43455-7760-4D84-996A-8C1076386100}.ReleaseProd|Any CPU.Build.0 = Release|Any CPU
		{E6F43455-7760-4D84-996A-8C1076386100}.ReleaseProd|x86.ActiveCfg = Release|Any CPU
		{E6F43455-7760-4D84-996A-8C1076386100}.ReleaseProd|x86.Build.0 = Release|Any CPU
		{E6F43455-7760-4D84-996A-8C1076386100}.ReleaseQA|Any CPU.ActiveCfg = Release|Any CPU
		{E6F43455-7760-4D84-996A-8C1076386100}.ReleaseQA|Any CPU.Build.0 = Release|Any CPU
		{E6F43455-7760-4D84-996A-8C1076386100}.ReleaseQA|x86.ActiveCfg = Release|Any CPU
		{E6F43455-7760-4D84-996A-8C1076386100}.ReleaseQA|x86.Build.0 = Release|Any CPU
		{FE90D189-F2F7-4571-84E0-56CD9C3E8A43}.Debug.Expert|Any CPU.ActiveCfg = Debug|Any CPU
		{FE90D189-F2F7-4571-84E0-56CD9C3E8A43}.Debug.Expert|Any CPU.Build.0 = Debug|Any CPU
		{FE90D189-F2F7-4571-84E0-56CD9C3E8A43}.Debug.Expert|x86.ActiveCfg = Debug|Any CPU
		{FE90D189-F2F7-4571-84E0-56CD9C3E8A43}.Debug.Expert|x86.Build.0 = Debug|Any CPU
		{FE90D189-F2F7-4571-84E0-56CD9C3E8A43}.Debug.HICT|Any CPU.ActiveCfg = Debug|Any CPU
		{FE90D189-F2F7-4571-84E0-56CD9C3E8A43}.Debug.HICT|Any CPU.Build.0 = Debug|Any CPU
		{FE90D189-F2F7-4571-84E0-56CD9C3E8A43}.Debug.HICT|x86.ActiveCfg = Debug|Any CPU
		{FE90D189-F2F7-4571-84E0-56CD9C3E8A43}.Debug.HICT|x86.Build.0 = Debug|Any CPU
		{FE90D189-F2F7-4571-84E0-56CD9C3E8A43}.Debug.TCHP|Any CPU.ActiveCfg = Debug|Any CPU
		{FE90D189-F2F7-4571-84E0-56CD9C3E8A43}.Debug.TCHP|Any CPU.Build.0 = Debug|Any CPU
		{FE90D189-F2F7-4571-84E0-56CD9C3E8A43}.Debug.TCHP|x86.ActiveCfg = Debug|Any CPU
		{FE90D189-F2F7-4571-84E0-56CD9C3E8A43}.Debug.TCHP|x86.Build.0 = Debug|Any CPU
		{FE90D189-F2F7-4571-84E0-56CD9C3E8A43}.Debug|Any CPU.ActiveCfg = Debug|Any CPU
		{FE90D189-F2F7-4571-84E0-56CD9C3E8A43}.Debug|Any CPU.Build.0 = Debug|Any CPU
		{FE90D189-F2F7-4571-84E0-56CD9C3E8A43}.Debug|x86.ActiveCfg = Debug|Any CPU
		{FE90D189-F2F7-4571-84E0-56CD9C3E8A43}.Debug|x86.Build.0 = Debug|Any CPU
		{FE90D189-F2F7-4571-84E0-56CD9C3E8A43}.Release.Advance|Any CPU.ActiveCfg = Release|Any CPU
		{FE90D189-F2F7-4571-84E0-56CD9C3E8A43}.Release.Advance|Any CPU.Build.0 = Release|Any CPU
		{FE90D189-F2F7-4571-84E0-56CD9C3E8A43}.Release.Advance|x86.ActiveCfg = Release|Any CPU
		{FE90D189-F2F7-4571-84E0-56CD9C3E8A43}.Release.Advance|x86.Build.0 = Release|Any CPU
		{FE90D189-F2F7-4571-84E0-56CD9C3E8A43}.Release.Expert|Any CPU.ActiveCfg = Release|Any CPU
		{FE90D189-F2F7-4571-84E0-56CD9C3E8A43}.Release.Expert|Any CPU.Build.0 = Release|Any CPU
		{FE90D189-F2F7-4571-84E0-56CD9C3E8A43}.Release.Expert|x86.ActiveCfg = Release|Any CPU
		{FE90D189-F2F7-4571-84E0-56CD9C3E8A43}.Release.Expert|x86.Build.0 = Release|Any CPU
		{FE90D189-F2F7-4571-84E0-56CD9C3E8A43}.Release|Any CPU.ActiveCfg = Release|Any CPU
		{FE90D189-F2F7-4571-84E0-56CD9C3E8A43}.Release|Any CPU.Build.0 = Release|Any CPU
		{FE90D189-F2F7-4571-84E0-56CD9C3E8A43}.Release|x86.ActiveCfg = Release|Any CPU
		{FE90D189-F2F7-4571-84E0-56CD9C3E8A43}.Release|x86.Build.0 = Release|Any CPU
		{FE90D189-F2F7-4571-84E0-56CD9C3E8A43}.ReleaseProd|Any CPU.ActiveCfg = Release|Any CPU
		{FE90D189-F2F7-4571-84E0-56CD9C3E8A43}.ReleaseProd|Any CPU.Build.0 = Release|Any CPU
		{FE90D189-F2F7-4571-84E0-56CD9C3E8A43}.ReleaseProd|x86.ActiveCfg = Release|Any CPU
		{FE90D189-F2F7-4571-84E0-56CD9C3E8A43}.ReleaseProd|x86.Build.0 = Release|Any CPU
		{FE90D189-F2F7-4571-84E0-56CD9C3E8A43}.ReleaseQA|Any CPU.ActiveCfg = Release|Any CPU
		{FE90D189-F2F7-4571-84E0-56CD9C3E8A43}.ReleaseQA|Any CPU.Build.0 = Release|Any CPU
		{FE90D189-F2F7-4571-84E0-56CD9C3E8A43}.ReleaseQA|x86.ActiveCfg = Release|Any CPU
		{FE90D189-F2F7-4571-84E0-56CD9C3E8A43}.ReleaseQA|x86.Build.0 = Release|Any CPU
		{2BFBD7FF-AF53-454D-9DDF-68B26611685A}.Debug.Expert|Any CPU.ActiveCfg = Debug|Any CPU
		{2BFBD7FF-AF53-454D-9DDF-68B26611685A}.Debug.Expert|Any CPU.Build.0 = Debug|Any CPU
		{2BFBD7FF-AF53-454D-9DDF-68B26611685A}.Debug.Expert|x86.ActiveCfg = Debug|Any CPU
		{2BFBD7FF-AF53-454D-9DDF-68B26611685A}.Debug.Expert|x86.Build.0 = Debug|Any CPU
		{2BFBD7FF-AF53-454D-9DDF-68B26611685A}.Debug.HICT|Any CPU.ActiveCfg = Debug|Any CPU
		{2BFBD7FF-AF53-454D-9DDF-68B26611685A}.Debug.HICT|Any CPU.Build.0 = Debug|Any CPU
		{2BFBD7FF-AF53-454D-9DDF-68B26611685A}.Debug.HICT|x86.ActiveCfg = Debug|Any CPU
		{2BFBD7FF-AF53-454D-9DDF-68B26611685A}.Debug.HICT|x86.Build.0 = Debug|Any CPU
		{2BFBD7FF-AF53-454D-9DDF-68B26611685A}.Debug.TCHP|Any CPU.ActiveCfg = Debug|Any CPU
		{2BFBD7FF-AF53-454D-9DDF-68B26611685A}.Debug.TCHP|Any CPU.Build.0 = Debug|Any CPU
		{2BFBD7FF-AF53-454D-9DDF-68B26611685A}.Debug.TCHP|x86.ActiveCfg = Debug|Any CPU
		{2BFBD7FF-AF53-454D-9DDF-68B26611685A}.Debug.TCHP|x86.Build.0 = Debug|Any CPU
		{2BFBD7FF-AF53-454D-9DDF-68B26611685A}.Debug|Any CPU.ActiveCfg = Debug|Any CPU
		{2BFBD7FF-AF53-454D-9DDF-68B26611685A}.Debug|Any CPU.Build.0 = Debug|Any CPU
		{2BFBD7FF-AF53-454D-9DDF-68B26611685A}.Debug|x86.ActiveCfg = Debug|Any CPU
		{2BFBD7FF-AF53-454D-9DDF-68B26611685A}.Debug|x86.Build.0 = Debug|Any CPU
		{2BFBD7FF-AF53-454D-9DDF-68B26611685A}.Release.Advance|Any CPU.ActiveCfg = Release|Any CPU
		{2BFBD7FF-AF53-454D-9DDF-68B26611685A}.Release.Advance|Any CPU.Build.0 = Release|Any CPU
		{2BFBD7FF-AF53-454D-9DDF-68B26611685A}.Release.Advance|x86.ActiveCfg = Release|Any CPU
		{2BFBD7FF-AF53-454D-9DDF-68B26611685A}.Release.Advance|x86.Build.0 = Release|Any CPU
		{2BFBD7FF-AF53-454D-9DDF-68B26611685A}.Release.Expert|Any CPU.ActiveCfg = Release|Any CPU
		{2BFBD7FF-AF53-454D-9DDF-68B26611685A}.Release.Expert|Any CPU.Build.0 = Release|Any CPU
		{2BFBD7FF-AF53-454D-9DDF-68B26611685A}.Release.Expert|x86.ActiveCfg = Release|Any CPU
		{2BFBD7FF-AF53-454D-9DDF-68B26611685A}.Release.Expert|x86.Build.0 = Release|Any CPU
		{2BFBD7FF-AF53-454D-9DDF-68B26611685A}.Release|Any CPU.ActiveCfg = Release|Any CPU
		{2BFBD7FF-AF53-454D-9DDF-68B26611685A}.Release|Any CPU.Build.0 = Release|Any CPU
		{2BFBD7FF-AF53-454D-9DDF-68B26611685A}.Release|x86.ActiveCfg = Release|Any CPU
		{2BFBD7FF-AF53-454D-9DDF-68B26611685A}.Release|x86.Build.0 = Release|Any CPU
		{2BFBD7FF-AF53-454D-9DDF-68B26611685A}.ReleaseProd|Any CPU.ActiveCfg = Release|Any CPU
		{2BFBD7FF-AF53-454D-9DDF-68B26611685A}.ReleaseProd|Any CPU.Build.0 = Release|Any CPU
		{2BFBD7FF-AF53-454D-9DDF-68B26611685A}.ReleaseProd|x86.ActiveCfg = Release|Any CPU
		{2BFBD7FF-AF53-454D-9DDF-68B26611685A}.ReleaseProd|x86.Build.0 = Release|Any CPU
		{2BFBD7FF-AF53-454D-9DDF-68B26611685A}.ReleaseQA|Any CPU.ActiveCfg = Release|Any CPU
		{2BFBD7FF-AF53-454D-9DDF-68B26611685A}.ReleaseQA|Any CPU.Build.0 = Release|Any CPU
		{2BFBD7FF-AF53-454D-9DDF-68B26611685A}.ReleaseQA|x86.ActiveCfg = Release|Any CPU
		{2BFBD7FF-AF53-454D-9DDF-68B26611685A}.ReleaseQA|x86.Build.0 = Release|Any CPU
		{FBE58724-703F-4927-AF0B-F34441188FD5}.Debug.Expert|Any CPU.ActiveCfg = Debug|Any CPU
		{FBE58724-703F-4927-AF0B-F34441188FD5}.Debug.Expert|Any CPU.Build.0 = Debug|Any CPU
		{FBE58724-703F-4927-AF0B-F34441188FD5}.Debug.Expert|x86.ActiveCfg = Debug|Any CPU
		{FBE58724-703F-4927-AF0B-F34441188FD5}.Debug.Expert|x86.Build.0 = Debug|Any CPU
		{FBE58724-703F-4927-AF0B-F34441188FD5}.Debug.HICT|Any CPU.ActiveCfg = Debug|Any CPU
		{FBE58724-703F-4927-AF0B-F34441188FD5}.Debug.HICT|Any CPU.Build.0 = Debug|Any CPU
		{FBE58724-703F-4927-AF0B-F34441188FD5}.Debug.HICT|x86.ActiveCfg = Debug|Any CPU
		{FBE58724-703F-4927-AF0B-F34441188FD5}.Debug.HICT|x86.Build.0 = Debug|Any CPU
		{FBE58724-703F-4927-AF0B-F34441188FD5}.Debug.TCHP|Any CPU.ActiveCfg = Debug|Any CPU
		{FBE58724-703F-4927-AF0B-F34441188FD5}.Debug.TCHP|Any CPU.Build.0 = Debug|Any CPU
		{FBE58724-703F-4927-AF0B-F34441188FD5}.Debug.TCHP|x86.ActiveCfg = Debug|Any CPU
		{FBE58724-703F-4927-AF0B-F34441188FD5}.Debug.TCHP|x86.Build.0 = Debug|Any CPU
		{FBE58724-703F-4927-AF0B-F34441188FD5}.Debug|Any CPU.ActiveCfg = Debug|Any CPU
		{FBE58724-703F-4927-AF0B-F34441188FD5}.Debug|Any CPU.Build.0 = Debug|Any CPU
		{FBE58724-703F-4927-AF0B-F34441188FD5}.Debug|x86.ActiveCfg = Debug|Any CPU
		{FBE58724-703F-4927-AF0B-F34441188FD5}.Debug|x86.Build.0 = Debug|Any CPU
		{FBE58724-703F-4927-AF0B-F34441188FD5}.Release.Advance|Any CPU.ActiveCfg = Release|Any CPU
		{FBE58724-703F-4927-AF0B-F34441188FD5}.Release.Advance|Any CPU.Build.0 = Release|Any CPU
		{FBE58724-703F-4927-AF0B-F34441188FD5}.Release.Advance|x86.ActiveCfg = Release|Any CPU
		{FBE58724-703F-4927-AF0B-F34441188FD5}.Release.Advance|x86.Build.0 = Release|Any CPU
		{FBE58724-703F-4927-AF0B-F34441188FD5}.Release.Expert|Any CPU.ActiveCfg = Release|Any CPU
		{FBE58724-703F-4927-AF0B-F34441188FD5}.Release.Expert|Any CPU.Build.0 = Release|Any CPU
		{FBE58724-703F-4927-AF0B-F34441188FD5}.Release.Expert|x86.ActiveCfg = Release|Any CPU
		{FBE58724-703F-4927-AF0B-F34441188FD5}.Release.Expert|x86.Build.0 = Release|Any CPU
		{FBE58724-703F-4927-AF0B-F34441188FD5}.Release|Any CPU.ActiveCfg = Release|Any CPU
		{FBE58724-703F-4927-AF0B-F34441188FD5}.Release|Any CPU.Build.0 = Release|Any CPU
		{FBE58724-703F-4927-AF0B-F34441188FD5}.Release|x86.ActiveCfg = Release|Any CPU
		{FBE58724-703F-4927-AF0B-F34441188FD5}.Release|x86.Build.0 = Release|Any CPU
		{FBE58724-703F-4927-AF0B-F34441188FD5}.ReleaseProd|Any CPU.ActiveCfg = Release|Any CPU
		{FBE58724-703F-4927-AF0B-F34441188FD5}.ReleaseProd|Any CPU.Build.0 = Release|Any CPU
		{FBE58724-703F-4927-AF0B-F34441188FD5}.ReleaseProd|x86.ActiveCfg = Release|Any CPU
		{FBE58724-703F-4927-AF0B-F34441188FD5}.ReleaseProd|x86.Build.0 = Release|Any CPU
		{FBE58724-703F-4927-AF0B-F34441188FD5}.ReleaseQA|Any CPU.ActiveCfg = Release|Any CPU
		{FBE58724-703F-4927-AF0B-F34441188FD5}.ReleaseQA|Any CPU.Build.0 = Release|Any CPU
		{FBE58724-703F-4927-AF0B-F34441188FD5}.ReleaseQA|x86.ActiveCfg = Release|Any CPU
		{FBE58724-703F-4927-AF0B-F34441188FD5}.ReleaseQA|x86.Build.0 = Release|Any CPU
		{D3433835-CA3E-41DF-8E49-5855FF682898}.Debug.Expert|Any CPU.ActiveCfg = Debug|Any CPU
		{D3433835-CA3E-41DF-8E49-5855FF682898}.Debug.Expert|Any CPU.Build.0 = Debug|Any CPU
		{D3433835-CA3E-41DF-8E49-5855FF682898}.Debug.Expert|x86.ActiveCfg = Debug|Any CPU
		{D3433835-CA3E-41DF-8E49-5855FF682898}.Debug.Expert|x86.Build.0 = Debug|Any CPU
		{D3433835-CA3E-41DF-8E49-5855FF682898}.Debug.HICT|Any CPU.ActiveCfg = Debug|Any CPU
		{D3433835-CA3E-41DF-8E49-5855FF682898}.Debug.HICT|Any CPU.Build.0 = Debug|Any CPU
		{D3433835-CA3E-41DF-8E49-5855FF682898}.Debug.HICT|x86.ActiveCfg = Debug|Any CPU
		{D3433835-CA3E-41DF-8E49-5855FF682898}.Debug.HICT|x86.Build.0 = Debug|Any CPU
		{D3433835-CA3E-41DF-8E49-5855FF682898}.Debug.TCHP|Any CPU.ActiveCfg = Debug|Any CPU
		{D3433835-CA3E-41DF-8E49-5855FF682898}.Debug.TCHP|Any CPU.Build.0 = Debug|Any CPU
		{D3433835-CA3E-41DF-8E49-5855FF682898}.Debug.TCHP|x86.ActiveCfg = Debug|Any CPU
		{D3433835-CA3E-41DF-8E49-5855FF682898}.Debug.TCHP|x86.Build.0 = Debug|Any CPU
		{D3433835-CA3E-41DF-8E49-5855FF682898}.Debug|Any CPU.ActiveCfg = Debug|Any CPU
		{D3433835-CA3E-41DF-8E49-5855FF682898}.Debug|Any CPU.Build.0 = Debug|Any CPU
		{D3433835-CA3E-41DF-8E49-5855FF682898}.Debug|x86.ActiveCfg = Debug|Any CPU
		{D3433835-CA3E-41DF-8E49-5855FF682898}.Debug|x86.Build.0 = Debug|Any CPU
		{D3433835-CA3E-41DF-8E49-5855FF682898}.Release.Advance|Any CPU.ActiveCfg = Release|Any CPU
		{D3433835-CA3E-41DF-8E49-5855FF682898}.Release.Advance|Any CPU.Build.0 = Release|Any CPU
		{D3433835-CA3E-41DF-8E49-5855FF682898}.Release.Advance|x86.ActiveCfg = Release|Any CPU
		{D3433835-CA3E-41DF-8E49-5855FF682898}.Release.Advance|x86.Build.0 = Release|Any CPU
		{D3433835-CA3E-41DF-8E49-5855FF682898}.Release.Expert|Any CPU.ActiveCfg = Release|Any CPU
		{D3433835-CA3E-41DF-8E49-5855FF682898}.Release.Expert|Any CPU.Build.0 = Release|Any CPU
		{D3433835-CA3E-41DF-8E49-5855FF682898}.Release.Expert|x86.ActiveCfg = Release|Any CPU
		{D3433835-CA3E-41DF-8E49-5855FF682898}.Release.Expert|x86.Build.0 = Release|Any CPU
		{D3433835-CA3E-41DF-8E49-5855FF682898}.Release|Any CPU.ActiveCfg = Release|Any CPU
		{D3433835-CA3E-41DF-8E49-5855FF682898}.Release|Any CPU.Build.0 = Release|Any CPU
		{D3433835-CA3E-41DF-8E49-5855FF682898}.Release|x86.ActiveCfg = Release|Any CPU
		{D3433835-CA3E-41DF-8E49-5855FF682898}.Release|x86.Build.0 = Release|Any CPU
		{D3433835-CA3E-41DF-8E49-5855FF682898}.ReleaseProd|Any CPU.ActiveCfg = Release|Any CPU
		{D3433835-CA3E-41DF-8E49-5855FF682898}.ReleaseProd|Any CPU.Build.0 = Release|Any CPU
		{D3433835-CA3E-41DF-8E49-5855FF682898}.ReleaseProd|x86.ActiveCfg = Release|Any CPU
		{D3433835-CA3E-41DF-8E49-5855FF682898}.ReleaseProd|x86.Build.0 = Release|Any CPU
		{D3433835-CA3E-41DF-8E49-5855FF682898}.ReleaseQA|Any CPU.ActiveCfg = Release|Any CPU
		{D3433835-CA3E-41DF-8E49-5855FF682898}.ReleaseQA|Any CPU.Build.0 = Release|Any CPU
		{D3433835-CA3E-41DF-8E49-5855FF682898}.ReleaseQA|x86.ActiveCfg = Release|Any CPU
		{D3433835-CA3E-41DF-8E49-5855FF682898}.ReleaseQA|x86.Build.0 = Release|Any CPU
		{5C9C5935-E0CE-4E3B-B30E-B7D27D49A768}.Debug.Expert|Any CPU.ActiveCfg = Debug|Any CPU
		{5C9C5935-E0CE-4E3B-B30E-B7D27D49A768}.Debug.Expert|Any CPU.Build.0 = Debug|Any CPU
		{5C9C5935-E0CE-4E3B-B30E-B7D27D49A768}.Debug.Expert|x86.ActiveCfg = Debug|Any CPU
		{5C9C5935-E0CE-4E3B-B30E-B7D27D49A768}.Debug.Expert|x86.Build.0 = Debug|Any CPU
		{5C9C5935-E0CE-4E3B-B30E-B7D27D49A768}.Debug.HICT|Any CPU.ActiveCfg = Debug|Any CPU
		{5C9C5935-E0CE-4E3B-B30E-B7D27D49A768}.Debug.HICT|Any CPU.Build.0 = Debug|Any CPU
		{5C9C5935-E0CE-4E3B-B30E-B7D27D49A768}.Debug.HICT|x86.ActiveCfg = Debug|Any CPU
		{5C9C5935-E0CE-4E3B-B30E-B7D27D49A768}.Debug.HICT|x86.Build.0 = Debug|Any CPU
		{5C9C5935-E0CE-4E3B-B30E-B7D27D49A768}.Debug.TCHP|Any CPU.ActiveCfg = Debug|Any CPU
		{5C9C5935-E0CE-4E3B-B30E-B7D27D49A768}.Debug.TCHP|Any CPU.Build.0 = Debug|Any CPU
		{5C9C5935-E0CE-4E3B-B30E-B7D27D49A768}.Debug.TCHP|x86.ActiveCfg = Debug|Any CPU
		{5C9C5935-E0CE-4E3B-B30E-B7D27D49A768}.Debug.TCHP|x86.Build.0 = Debug|Any CPU
		{5C9C5935-E0CE-4E3B-B30E-B7D27D49A768}.Debug|Any CPU.ActiveCfg = Debug|Any CPU
		{5C9C5935-E0CE-4E3B-B30E-B7D27D49A768}.Debug|Any CPU.Build.0 = Debug|Any CPU
		{5C9C5935-E0CE-4E3B-B30E-B7D27D49A768}.Debug|x86.ActiveCfg = Debug|Any CPU
		{5C9C5935-E0CE-4E3B-B30E-B7D27D49A768}.Debug|x86.Build.0 = Debug|Any CPU
		{5C9C5935-E0CE-4E3B-B30E-B7D27D49A768}.Release.Advance|Any CPU.ActiveCfg = Release|Any CPU
		{5C9C5935-E0CE-4E3B-B30E-B7D27D49A768}.Release.Advance|Any CPU.Build.0 = Release|Any CPU
		{5C9C5935-E0CE-4E3B-B30E-B7D27D49A768}.Release.Advance|x86.ActiveCfg = Release|Any CPU
		{5C9C5935-E0CE-4E3B-B30E-B7D27D49A768}.Release.Advance|x86.Build.0 = Release|Any CPU
		{5C9C5935-E0CE-4E3B-B30E-B7D27D49A768}.Release.Expert|Any CPU.ActiveCfg = Release|Any CPU
		{5C9C5935-E0CE-4E3B-B30E-B7D27D49A768}.Release.Expert|Any CPU.Build.0 = Release|Any CPU
		{5C9C5935-E0CE-4E3B-B30E-B7D27D49A768}.Release.Expert|x86.ActiveCfg = Release|Any CPU
		{5C9C5935-E0CE-4E3B-B30E-B7D27D49A768}.Release.Expert|x86.Build.0 = Release|Any CPU
		{5C9C5935-E0CE-4E3B-B30E-B7D27D49A768}.Release|Any CPU.ActiveCfg = Release|Any CPU
		{5C9C5935-E0CE-4E3B-B30E-B7D27D49A768}.Release|Any CPU.Build.0 = Release|Any CPU
		{5C9C5935-E0CE-4E3B-B30E-B7D27D49A768}.Release|x86.ActiveCfg = Release|Any CPU
		{5C9C5935-E0CE-4E3B-B30E-B7D27D49A768}.Release|x86.Build.0 = Release|Any CPU
		{5C9C5935-E0CE-4E3B-B30E-B7D27D49A768}.ReleaseProd|Any CPU.ActiveCfg = Release|Any CPU
		{5C9C5935-E0CE-4E3B-B30E-B7D27D49A768}.ReleaseProd|Any CPU.Build.0 = Release|Any CPU
		{5C9C5935-E0CE-4E3B-B30E-B7D27D49A768}.ReleaseProd|x86.ActiveCfg = Release|Any CPU
		{5C9C5935-E0CE-4E3B-B30E-B7D27D49A768}.ReleaseProd|x86.Build.0 = Release|Any CPU
		{5C9C5935-E0CE-4E3B-B30E-B7D27D49A768}.ReleaseQA|Any CPU.ActiveCfg = Release|Any CPU
		{5C9C5935-E0CE-4E3B-B30E-B7D27D49A768}.ReleaseQA|Any CPU.Build.0 = Release|Any CPU
		{5C9C5935-E0CE-4E3B-B30E-B7D27D49A768}.ReleaseQA|x86.ActiveCfg = Release|Any CPU
		{5C9C5935-E0CE-4E3B-B30E-B7D27D49A768}.ReleaseQA|x86.Build.0 = Release|Any CPU
		{3A2A6E63-7FA5-4D1A-B8EC-E29665B010F3}.Debug.Expert|Any CPU.ActiveCfg = Debug|Any CPU
		{3A2A6E63-7FA5-4D1A-B8EC-E29665B010F3}.Debug.Expert|Any CPU.Build.0 = Debug|Any CPU
		{3A2A6E63-7FA5-4D1A-B8EC-E29665B010F3}.Debug.Expert|x86.ActiveCfg = Debug|Any CPU
		{3A2A6E63-7FA5-4D1A-B8EC-E29665B010F3}.Debug.Expert|x86.Build.0 = Debug|Any CPU
		{3A2A6E63-7FA5-4D1A-B8EC-E29665B010F3}.Debug.HICT|Any CPU.ActiveCfg = Debug|Any CPU
		{3A2A6E63-7FA5-4D1A-B8EC-E29665B010F3}.Debug.HICT|Any CPU.Build.0 = Debug|Any CPU
		{3A2A6E63-7FA5-4D1A-B8EC-E29665B010F3}.Debug.HICT|x86.ActiveCfg = Debug|Any CPU
		{3A2A6E63-7FA5-4D1A-B8EC-E29665B010F3}.Debug.HICT|x86.Build.0 = Debug|Any CPU
		{3A2A6E63-7FA5-4D1A-B8EC-E29665B010F3}.Debug.TCHP|Any CPU.ActiveCfg = Debug|Any CPU
		{3A2A6E63-7FA5-4D1A-B8EC-E29665B010F3}.Debug.TCHP|Any CPU.Build.0 = Debug|Any CPU
		{3A2A6E63-7FA5-4D1A-B8EC-E29665B010F3}.Debug.TCHP|x86.ActiveCfg = Debug|Any CPU
		{3A2A6E63-7FA5-4D1A-B8EC-E29665B010F3}.Debug.TCHP|x86.Build.0 = Debug|Any CPU
		{3A2A6E63-7FA5-4D1A-B8EC-E29665B010F3}.Debug|Any CPU.ActiveCfg = Debug|Any CPU
		{3A2A6E63-7FA5-4D1A-B8EC-E29665B010F3}.Debug|Any CPU.Build.0 = Debug|Any CPU
		{3A2A6E63-7FA5-4D1A-B8EC-E29665B010F3}.Debug|x86.ActiveCfg = Debug|Any CPU
		{3A2A6E63-7FA5-4D1A-B8EC-E29665B010F3}.Debug|x86.Build.0 = Debug|Any CPU
		{3A2A6E63-7FA5-4D1A-B8EC-E29665B010F3}.Release.Advance|Any CPU.ActiveCfg = Release|Any CPU
		{3A2A6E63-7FA5-4D1A-B8EC-E29665B010F3}.Release.Advance|Any CPU.Build.0 = Release|Any CPU
		{3A2A6E63-7FA5-4D1A-B8EC-E29665B010F3}.Release.Advance|x86.ActiveCfg = Release|Any CPU
		{3A2A6E63-7FA5-4D1A-B8EC-E29665B010F3}.Release.Advance|x86.Build.0 = Release|Any CPU
		{3A2A6E63-7FA5-4D1A-B8EC-E29665B010F3}.Release.Expert|Any CPU.ActiveCfg = Release|Any CPU
		{3A2A6E63-7FA5-4D1A-B8EC-E29665B010F3}.Release.Expert|Any CPU.Build.0 = Release|Any CPU
		{3A2A6E63-7FA5-4D1A-B8EC-E29665B010F3}.Release.Expert|x86.ActiveCfg = Release|Any CPU
		{3A2A6E63-7FA5-4D1A-B8EC-E29665B010F3}.Release.Expert|x86.Build.0 = Release|Any CPU
		{3A2A6E63-7FA5-4D1A-B8EC-E29665B010F3}.Release|Any CPU.ActiveCfg = Release|Any CPU
		{3A2A6E63-7FA5-4D1A-B8EC-E29665B010F3}.Release|Any CPU.Build.0 = Release|Any CPU
		{3A2A6E63-7FA5-4D1A-B8EC-E29665B010F3}.Release|x86.ActiveCfg = Release|Any CPU
		{3A2A6E63-7FA5-4D1A-B8EC-E29665B010F3}.Release|x86.Build.0 = Release|Any CPU
		{3A2A6E63-7FA5-4D1A-B8EC-E29665B010F3}.ReleaseProd|Any CPU.ActiveCfg = Release|Any CPU
		{3A2A6E63-7FA5-4D1A-B8EC-E29665B010F3}.ReleaseProd|Any CPU.Build.0 = Release|Any CPU
		{3A2A6E63-7FA5-4D1A-B8EC-E29665B010F3}.ReleaseProd|x86.ActiveCfg = Release|Any CPU
		{3A2A6E63-7FA5-4D1A-B8EC-E29665B010F3}.ReleaseProd|x86.Build.0 = Release|Any CPU
		{3A2A6E63-7FA5-4D1A-B8EC-E29665B010F3}.ReleaseQA|Any CPU.ActiveCfg = Release|Any CPU
		{3A2A6E63-7FA5-4D1A-B8EC-E29665B010F3}.ReleaseQA|Any CPU.Build.0 = Release|Any CPU
		{3A2A6E63-7FA5-4D1A-B8EC-E29665B010F3}.ReleaseQA|x86.ActiveCfg = Release|Any CPU
		{3A2A6E63-7FA5-4D1A-B8EC-E29665B010F3}.ReleaseQA|x86.Build.0 = Release|Any CPU
	EndGlobalSection
	GlobalSection(SolutionProperties) = preSolution
		HideSolutionNode = FALSE
	EndGlobalSection
	GlobalSection(NestedProjects) = preSolution
		{3B38F3F7-1C80-4009-8D68-7D9E4D3520DC} = {37A3351D-C18A-4135-9B4E-F3380E3060E8}
		{6F4B542A-F584-43D9-A9B3-A703BAB14D24} = {37A3351D-C18A-4135-9B4E-F3380E3060E8}
		{DB6472C7-5ABF-491A-BED1-215A5F6E9115} = {24A87333-1998-4422-B9F9-EDAF91E9B454}
		{BA7A75ED-1606-4F70-99B0-641D5A322BDA} = {24A87333-1998-4422-B9F9-EDAF91E9B454}
		{E6F43455-7760-4D84-996A-8C1076386100} = {24A87333-1998-4422-B9F9-EDAF91E9B454}
		{FE90D189-F2F7-4571-84E0-56CD9C3E8A43} = {24A87333-1998-4422-B9F9-EDAF91E9B454}
		{2BFBD7FF-AF53-454D-9DDF-68B26611685A} = {24A87333-1998-4422-B9F9-EDAF91E9B454}
		{FBE58724-703F-4927-AF0B-F34441188FD5} = {533C5807-9FED-4971-B8E5-21DA93580D57}
		{D3433835-CA3E-41DF-8E49-5855FF682898} = {533C5807-9FED-4971-B8E5-21DA93580D57}
		{5C9C5935-E0CE-4E3B-B30E-B7D27D49A768} = {37A3351D-C18A-4135-9B4E-F3380E3060E8}
		{3A2A6E63-7FA5-4D1A-B8EC-E29665B010F3} = {C2C86B40-52F3-42A5-9B67-5F8ED97497A5}
	EndGlobalSection
	GlobalSection(ExtensibilityGlobals) = postSolution
		SolutionGuid = {8E5235AF-378B-4EEE-B98A-B89C0EE91B2E}
	EndGlobalSection
	GlobalSection(TestCaseManagementSettings) = postSolution
		CategoryFile = TopO_VN1.vsmdi
	EndGlobalSection
EndGlobal
